
Microsoft Visual Studio Solution File, Format Version 12.00
# Visual Studio Version 17
VisualStudioVersion = 17.9.34714.143
MinimumVisualStudioVersion = 10.0.40219.1
Project("{FAE04EC0-301F-11D3-BF4B-00C04F79EFBC}") = "MatchingEngineTC", "MatchingEngineTC\MatchingEngineTC.csproj", "{EB250F74-F799-4B2A-BFD7-1876A6B9FEC3}"
EndProject
Global
	GlobalSection(SolutionConfigurationPlatforms) = preSolution
		Debug|Any CPU = Debug|Any CPU
		Release|Any CPU = Release|Any CPU
	EndGlobalSection
	GlobalSection(ProjectConfigurationPlatforms) = postSolution
		{EB250F74-F799-4B2A-BFD7-1876A6B9FEC3}.Debug|Any CPU.ActiveCfg = Debug|Any CPU
		{EB250F74-F799-4B2A-BFD7-1876A6B9FEC3}.Debug|Any CPU.Build.0 = Debug|Any CPU
		{EB250F74-F799-4B2A-BFD7-1876A6B9FEC3}.Release|Any CPU.ActiveCfg = Release|Any CPU
		{EB250F74-F799-4B2A-BFD7-1876A6B9FEC3}.Release|Any CPU.Build.0 = Release|Any CPU
	EndGlobalSection
	GlobalSection(SolutionProperties) = preSolution
		HideSolutionNode = FALSE
	EndGlobalSection
	GlobalSection(ExtensibilityGlobals) = postSolution
		SolutionGuid = {64787B12-38E1-4AE8-A18B-AF49B26A3031}
	EndGlobalSection
EndGlobal
